// !$*UTF8*$!
{
	archiveVersion = 1;
	classes = {
	};
	objectVersion = 77;
	objects = {

/* Begin PBXBuildFile section */
		C925CC342D736FDF0042CF38 /* Models in Frameworks */ = {isa = PBXBuildFile; productRef = C925CC332D736FDF0042CF38 /* Models */; };
/* End PBXBuildFile section */

/* Begin PBXContainerItemProxy section */
		C9A3BB5C2D7364A70056AC1C /* PBXContainerItemProxy */ = {
			isa = PBXContainerItemProxy;
			containerPortal = C9A3BB432D7364A60056AC1C /* Project object */;
			proxyType = 1;
			remoteGlobalIDString = C9A3BB4A2D7364A60056AC1C;
			remoteInfo = TypicodeAPI;
		};
		C9A3BB662D7364A70056AC1C /* PBXContainerItemProxy */ = {
			isa = PBXContainerItemProxy;
			containerPortal = C9A3BB432D7364A60056AC1C /* Project object */;
			proxyType = 1;
			remoteGlobalIDString = C9A3BB4A2D7364A60056AC1C;
			remoteInfo = TypicodeAPI;
		};
/* End PBXContainerItemProxy section */

/* Begin PBXFileReference section */
		C9A3BB4B2D7364A60056AC1C /* TypicodeAPI.app */ = {isa = PBXFileReference; explicitFileType = wrapper.application; includeInIndex = 0; path = TypicodeAPI.app; sourceTree = BUILT_PRODUCTS_DIR; };
		C9A3BB5B2D7364A70056AC1C /* TypicodeAPITests.xctest */ = {isa = PBXFileReference; explicitFileType = wrapper.cfbundle; includeInIndex = 0; path = TypicodeAPITests.xctest; sourceTree = BUILT_PRODUCTS_DIR; };
		C9A3BB652D7364A70056AC1C /* TypicodeAPIUITests.xctest */ = {isa = PBXFileReference; explicitFileType = wrapper.cfbundle; includeInIndex = 0; path = TypicodeAPIUITests.xctest; sourceTree = BUILT_PRODUCTS_DIR; };
/* End PBXFileReference section */

/* Begin PBXFileSystemSynchronizedRootGroup section */
		C9A3BB4D2D7364A60056AC1C /* TypicodeAPI */ = {
			isa = PBXFileSystemSynchronizedRootGroup;
			path = TypicodeAPI;
			sourceTree = "<group>";
		};
		C9A3BB5E2D7364A70056AC1C /* TypicodeAPITests */ = {
			isa = PBXFileSystemSynchronizedRootGroup;
			path = TypicodeAPITests;
			sourceTree = "<group>";
		};
		C9A3BB682D7364A70056AC1C /* TypicodeAPIUITests */ = {
			isa = PBXFileSystemSynchronizedRootGroup;
			path = TypicodeAPIUITests;
			sourceTree = "<group>";
		};
/* End PBXFileSystemSynchronizedRootGroup section */

/* Begin PBXFrameworksBuildPhase section */
		C9A3BB482D7364A60056AC1C /* Frameworks */ = {
			isa = PBXFrameworksBuildPhase;
			buildActionMask = 2147483647;
			files = (
				C925CC342D736FDF0042CF38 /* Models in Frameworks */,
			);
			runOnlyForDeploymentPostprocessing = 0;
		};
		C9A3BB582D7364A70056AC1C /* Frameworks */ = {
			isa = PBXFrameworksBuildPhase;
			buildActionMask = 2147483647;
			files = (
			);
			runOnlyForDeploymentPostprocessing = 0;
		};
		C9A3BB622D7364A70056AC1C /* Frameworks */ = {
			isa = PBXFrameworksBuildPhase;
			buildActionMask = 2147483647;
			files = (
			);
			runOnlyForDeploymentPostprocessing = 0;
		};
/* End PBXFrameworksBuildPhase section */

/* Begin PBXGroup section */
		C925CC322D736FDF0042CF38 /* Frameworks */ = {
			isa = PBXGroup;
			children = (
			);
			name = Frameworks;
			sourceTree = "<group>";
		};
		C9A3BB422D7364A60056AC1C = {
			isa = PBXGroup;
			children = (
				C9A3BB4D2D7364A60056AC1C /* TypicodeAPI */,
				C9A3BB5E2D7364A70056AC1C /* TypicodeAPITests */,
				C9A3BB682D7364A70056AC1C /* TypicodeAPIUITests */,
				C925CC322D736FDF0042CF38 /* Frameworks */,
				C9A3BB4C2D7364A60056AC1C /* Products */,
			);
			sourceTree = "<group>";
		};
		C9A3BB4C2D7364A60056AC1C /* Products */ = {
			isa = PBXGroup;
			children = (
				C9A3BB4B2D7364A60056AC1C /* TypicodeAPI.app */,
				C9A3BB5B2D7364A70056AC1C /* TypicodeAPITests.xctest */,
				C9A3BB652D7364A70056AC1C /* TypicodeAPIUITests.xctest */,
			);
			name = Products;
			sourceTree = "<group>";
		};
/* End PBXGroup section */

/* Begin PBXNativeTarget section */
		C9A3BB4A2D7364A60056AC1C /* TypicodeAPI */ = {
			isa = PBXNativeTarget;
			buildConfigurationList = C9A3BB6F2D7364A70056AC1C /* Build configuration list for PBXNativeTarget "TypicodeAPI" */;
			buildPhases = (
				C9A3BB472D7364A60056AC1C /* Sources */,
				C9A3BB482D7364A60056AC1C /* Frameworks */,
				C9A3BB492D7364A60056AC1C /* Resources */,
			);
			buildRules = (
			);
			dependencies = (
			);
			fileSystemSynchronizedGroups = (
				C9A3BB4D2D7364A60056AC1C /* TypicodeAPI */,
			);
			name = TypicodeAPI;
			packageProductDependencies = (
				C925CC332D736FDF0042CF38 /* Models */,
			);
			productName = TypicodeAPI;
			productReference = C9A3BB4B2D7364A60056AC1C /* TypicodeAPI.app */;
			productType = "com.apple.product-type.application";
		};
		C9A3BB5A2D7364A70056AC1C /* TypicodeAPITests */ = {
			isa = PBXNativeTarget;
			buildConfigurationList = C9A3BB722D7364A70056AC1C /* Build configuration list for PBXNativeTarget "TypicodeAPITests" */;
			buildPhases = (
				C9A3BB572D7364A70056AC1C /* Sources */,
				C9A3BB582D7364A70056AC1C /* Frameworks */,
				C9A3BB592D7364A70056AC1C /* Resources */,
			);
			buildRules = (
			);
			dependencies = (
				C9A3BB5D2D7364A70056AC1C /* PBXTargetDependency */,
			);
			fileSystemSynchronizedGroups = (
				C9A3BB5E2D7364A70056AC1C /* TypicodeAPITests */,
			);
			name = TypicodeAPITests;
			packageProductDependencies = (
			);
			productName = TypicodeAPITests;
			productReference = C9A3BB5B2D7364A70056AC1C /* TypicodeAPITests.xctest */;
			productType = "com.apple.product-type.bundle.unit-test";
		};
		C9A3BB642D7364A70056AC1C /* TypicodeAPIUITests */ = {
			isa = PBXNativeTarget;
			buildConfigurationList = C9A3BB752D7364A70056AC1C /* Build configuration list for PBXNativeTarget "TypicodeAPIUITests" */;
			buildPhases = (
				C9A3BB612D7364A70056AC1C /* Sources */,
				C9A3BB622D7364A70056AC1C /* Frameworks */,
				C9A3BB632D7364A70056AC1C /* Resources */,
			);
			buildRules = (
			);
			dependencies = (
				C9A3BB672D7364A70056AC1C /* PBXTargetDependency */,
			);
			fileSystemSynchronizedGroups = (
				C9A3BB682D7364A70056AC1C /* TypicodeAPIUITests */,
			);
			name = TypicodeAPIUITests;
			packageProductDependencies = (
			);
			productName = TypicodeAPIUITests;
			productReference = C9A3BB652D7364A70056AC1C /* TypicodeAPIUITests.xctest */;
			productType = "com.apple.product-type.bundle.ui-testing";
		};
/* End PBXNativeTarget section */

/* Begin PBXProject section */
		C9A3BB432D7364A60056AC1C /* Project object */ = {
			isa = PBXProject;
			attributes = {
				BuildIndependentTargetsInParallel = 1;
				LastSwiftUpdateCheck = 1620;
				LastUpgradeCheck = 1620;
				TargetAttributes = {
					C9A3BB4A2D7364A60056AC1C = {
						CreatedOnToolsVersion = 16.2;
					};
					C9A3BB5A2D7364A70056AC1C = {
						CreatedOnToolsVersion = 16.2;
						TestTargetID = C9A3BB4A2D7364A60056AC1C;
					};
					C9A3BB642D7364A70056AC1C = {
						CreatedOnToolsVersion = 16.2;
						TestTargetID = C9A3BB4A2D7364A60056AC1C;
					};
				};
			};
			buildConfigurationList = C9A3BB462D7364A60056AC1C /* Build configuration list for PBXProject "TypicodeAPI" */;
			developmentRegion = en;
			hasScannedForEncodings = 0;
			knownRegions = (
				en,
				Base,
			);
			mainGroup = C9A3BB422D7364A60056AC1C;
			minimizedProjectReferenceProxies = 1;
			packageReferences = (
				C9A3BB782D7364BA0056AC1C /* XCLocalSwiftPackageReference "../Models" */,
			);
			preferredProjectObjectVersion = 77;
			productRefGroup = C9A3BB4C2D7364A60056AC1C /* Products */;
			projectDirPath = "";
			projectRoot = "";
			targets = (
				C9A3BB4A2D7364A60056AC1C /* TypicodeAPI */,
				C9A3BB5A2D7364A70056AC1C /* TypicodeAPITests */,
				C9A3BB642D7364A70056AC1C /* TypicodeAPIUITests */,
			);
		};
/* End PBXProject section */

/* Begin PBXResourcesBuildPhase section */
		C9A3BB492D7364A60056AC1C /* Resources */ = {
			isa = PBXResourcesBuildPhase;
			buildActionMask = 2147483647;
			files = (
			);
			runOnlyForDeploymentPostprocessing = 0;
		};
		C9A3BB592D7364A70056AC1C /* Resources */ = {
			isa = PBXResourcesBuildPhase;
			buildActionMask = 2147483647;
			files = (
			);
			runOnlyForDeploymentPostprocessing = 0;
		};
		C9A3BB632D7364A70056AC1C /* Resources */ = {
			isa = PBXResourcesBuildPhase;
			buildActionMask = 2147483647;
			files = (
			);
			runOnlyForDeploymentPostprocessing = 0;
		};
/* End PBXResourcesBuildPhase section */

/* Begin PBXSourcesBuildPhase section */
		C9A3BB472D7364A60056AC1C /* Sources */ = {
			isa = PBXSourcesBuildPhase;
			buildActionMask = 2147483647;
			files = (
			);
			runOnlyForDeploymentPostprocessing = 0;
		};
		C9A3BB572D7364A70056AC1C /* Sources */ = {
			isa = PBXSourcesBuildPhase;
			buildActionMask = 2147483647;
			files = (
			);
			runOnlyForDeploymentPostprocessing = 0;
		};
		C9A3BB612D7364A70056AC1C /* Sources */ = {
			isa = PBXSourcesBuildPhase;
			buildActionMask = 2147483647;
			files = (
			);
			runOnlyForDeploymentPostprocessing = 0;
		};
/* End PBXSourcesBuildPhase section */

/* Begin PBXTargetDependency section */
		C9A3BB5D2D7364A70056AC1C /* PBXTargetDependency */ = {
			isa = PBXTargetDependency;
			target = C9A3BB4A2D7364A60056AC1C /* TypicodeAPI */;
			targetProxy = C9A3BB5C2D7364A70056AC1C /* PBXContainerItemProxy */;
		};
		C9A3BB672D7364A70056AC1C /* PBXTargetDependency */ = {
			isa = PBXTargetDependency;
			target = C9A3BB4A2D7364A60056AC1C /* TypicodeAPI */;
			targetProxy = C9A3BB662D7364A70056AC1C /* PBXContainerItemProxy */;
		};
/* End PBXTargetDependency section */

/* Begin XCBuildConfiguration section */
		C9A3BB6D2D7364A70056AC1C /* Debug */ = {
			isa = XCBuildConfiguration;
			buildSettings = {
				ALWAYS_SEARCH_USER_PATHS = NO;
				ASSETCATALOG_COMPILER_GENERATE_SWIFT_ASSET_SYMBOL_EXTENSIONS = YES;
				CLANG_ANALYZER_NONNULL = YES;
				CLANG_ANALYZER_NUMBER_OBJECT_CONVERSION = YES_AGGRESSIVE;
				CLANG_CXX_LANGUAGE_STANDARD = "gnu++20";
				CLANG_ENABLE_MODULES = YES;
				CLANG_ENABLE_OBJC_ARC = YES;
				CLANG_ENABLE_OBJC_WEAK = YES;
				CLANG_WARN_BLOCK_CAPTURE_AUTORELEASING = YES;
				CLANG_WARN_BOOL_CONVERSION = YES;
				CLANG_WARN_COMMA = YES;
				CLANG_WARN_CONSTANT_CONVERSION = YES;
				CLANG_WARN_DEPRECATED_OBJC_IMPLEMENTATIONS = YES;
				CLANG_WARN_DIRECT_OBJC_ISA_USAGE = YES_ERROR;
				CLANG_WARN_DOCUMENTATION_COMMENTS = YES;
				CLANG_WARN_EMPTY_BODY = YES;
				CLANG_WARN_ENUM_CONVERSION = YES;
				CLANG_WARN_INFINITE_RECURSION = YES;
				CLANG_WARN_INT_CONVERSION = YES;
				CLANG_WARN_NON_LITERAL_NULL_CONVERSION = YES;
				CLANG_WARN_OBJC_IMPLICIT_RETAIN_SELF = YES;
				CLANG_WARN_OBJC_LITERAL_CONVERSION = YES;
				CLANG_WARN_OBJC_ROOT_CLASS = YES_ERROR;
				CLANG_WARN_QUOTED_INCLUDE_IN_FRAMEWORK_HEADER = YES;
				CLANG_WARN_RANGE_LOOP_ANALYSIS = YES;
				CLANG_WARN_STRICT_PROTOTYPES = YES;
				CLANG_WARN_SUSPICIOUS_MOVE = YES;
				CLANG_WARN_UNGUARDED_AVAILABILITY = YES_AGGRESSIVE;
				CLANG_WARN_UNREACHABLE_CODE = YES;
				CLANG_WARN__DUPLICATE_METHOD_MATCH = YES;
				COPY_PHASE_STRIP = NO;
				DEBUG_INFORMATION_FORMAT = dwarf;
				ENABLE_STRICT_OBJC_MSGSEND = YES;
				ENABLE_TESTABILITY = YES;
				ENABLE_USER_SCRIPT_SANDBOXING = YES;
				GCC_C_LANGUAGE_STANDARD = gnu17;
				GCC_DYNAMIC_NO_PIC = NO;
				GCC_NO_COMMON_BLOCKS = YES;
				GCC_OPTIMIZATION_LEVEL = 0;
				GCC_PREPROCESSOR_DEFINITIONS = (
					"DEBUG=1",
					"$(inherited)",
				);
				GCC_WARN_64_TO_32_BIT_CONVERSION = YES;
				GCC_WARN_ABOUT_RETURN_TYPE = YES_ERROR;
				GCC_WARN_UNDECLARED_SELECTOR = YES;
				GCC_WARN_UNINITIALIZED_AUTOS = YES_AGGRESSIVE;
				GCC_WARN_UNUSED_FUNCTION = YES;
				GCC_WARN_UNUSED_VARIABLE = YES;
				IPHONEOS_DEPLOYMENT_TARGET = 18.2;
				LOCALIZATION_PREFERS_STRING_CATALOGS = YES;
				MTL_ENABLE_DEBUG_INFO = INCLUDE_SOURCE;
				MTL_FAST_MATH = YES;
				ONLY_ACTIVE_ARCH = YES;
				SDKROOT = iphoneos;
				SWIFT_ACTIVE_COMPILATION_CONDITIONS = "DEBUG $(inherited)";
				SWIFT_OPTIMIZATION_LEVEL = "-Onone";
			};
			name = Debug;
		};
		C9A3BB6E2D7364A70056AC1C /* Release */ = {
			isa = XCBuildConfiguration;
			buildSettings = {
				ALWAYS_SEARCH_USER_PATHS = NO;
				ASSETCATALOG_COMPILER_GENERATE_SWIFT_ASSET_SYMBOL_EXTENSIONS = YES;
				CLANG_ANALYZER_NONNULL = YES;
				CLANG_ANALYZER_NUMBER_OBJECT_CONVERSION = YES_AGGRESSIVE;
				CLANG_CXX_LANGUAGE_STANDARD = "gnu++20";
				CLANG_ENABLE_MODULES = YES;
				CLANG_ENABLE_OBJC_ARC = YES;
				CLANG_ENABLE_OBJC_WEAK = YES;
				CLANG_WARN_BLOCK_CAPTURE_AUTORELEASING = YES;
				CLANG_WARN_BOOL_CONVERSION = YES;
				CLANG_WARN_COMMA = YES;
				CLANG_WARN_CONSTANT_CONVERSION = YES;
				CLANG_WARN_DEPRECATED_OBJC_IMPLEMENTATIONS = YES;
				CLANG_WARN_DIRECT_OBJC_ISA_USAGE = YES_ERROR;
				CLANG_WARN_DOCUMENTATION_COMMENTS = YES;
				CLANG_WARN_EMPTY_BODY = YES;
				CLANG_WARN_ENUM_CONVERSION = YES;
				CLANG_WARN_INFINITE_RECURSION = YES;
				CLANG_WARN_INT_CONVERSION = YES;
				CLANG_WARN_NON_LITERAL_NULL_CONVERSION = YES;
				CLANG_WARN_OBJC_IMPLICIT_RETAIN_SELF = YES;
				CLANG_WARN_OBJC_LITERAL_CONVERSION = YES;
				CLANG_WARN_OBJC_ROOT_CLASS = YES_ERROR;
				CLANG_WARN_QUOTED_INCLUDE_IN_FRAMEWORK_HEADER = YES;
				CLANG_WARN_RANGE_LOOP_ANALYSIS = YES;
				CLANG_WARN_STRICT_PROTOTYPES = YES;
				CLANG_WARN_SUSPICIOUS_MOVE = YES;
				CLANG_WARN_UNGUARDED_AVAILABILITY = YES_AGGRESSIVE;
				CLANG_WARN_UNREACHABLE_CODE = YES;
				CLANG_WARN__DUPLICATE_METHOD_MATCH = YES;
				COPY_PHASE_STRIP = NO;
				DEBUG_INFORMATION_FORMAT = "dwarf-with-dsym";
				ENABLE_NS_ASSERTIONS = NO;
				ENABLE_STRICT_OBJC_MSGSEND = YES;
				ENABLE_USER_SCRIPT_SANDBOXING = YES;
				GCC_C_LANGUAGE_STANDARD = gnu17;
				GCC_NO_COMMON_BLOCKS = YES;
				GCC_WARN_64_TO_32_BIT_CONVERSION = YES;
				GCC_WARN_ABOUT_RETURN_TYPE = YES_ERROR;
				GCC_WARN_UNDECLARED_SELECTOR = YES;
				GCC_WARN_UNINITIALIZED_AUTOS = YES_AGGRESSIVE;
				GCC_WARN_UNUSED_FUNCTION = YES;
				GCC_WARN_UNUSED_VARIABLE = YES;
				IPHONEOS_DEPLOYMENT_TARGET = 18.2;
				LOCALIZATION_PREFERS_STRING_CATALOGS = YES;
				MTL_ENABLE_DEBUG_INFO = NO;
				MTL_FAST_MATH = YES;
				SDKROOT = iphoneos;
				SWIFT_COMPILATION_MODE = wholemodule;
				VALIDATE_PRODUCT = YES;
			};
			name = Release;
		};
		C9A3BB702D7364A70056AC1C /* Debug */ = {
			isa = XCBuildConfiguration;
			buildSettings = {
				ASSETCATALOG_COMPILER_APPICON_NAME = AppIcon;
				ASSETCATALOG_COMPILER_GLOBAL_ACCENT_COLOR_NAME = AccentColor;
				CODE_SIGN_STYLE = Automatic;
				CURRENT_PROJECT_VERSION = 1;
				DEVELOPMENT_ASSET_PATHS = "\"TypicodeAPI/Preview Content\"";
				DEVELOPMENT_TEAM = 8C7T6972XL;
				ENABLE_PREVIEWS = YES;
				GENERATE_INFOPLIST_FILE = YES;
				INFOPLIST_KEY_UIApplicationSceneManifest_Generation = YES;
				INFOPLIST_KEY_UIApplicationSupportsIndirectInputEvents = YES;
				INFOPLIST_KEY_UILaunchScreen_Generation = YES;
				INFOPLIST_KEY_UISupportedInterfaceOrientations_iPad = "UIInterfaceOrientationPortrait UIInterfaceOrientationPortraitUpsideDown UIInterfaceOrientationLandscapeLeft UIInterfaceOrientationLandscapeRight";
				INFOPLIST_KEY_UISupportedInterfaceOrientations_iPhone = "UIInterfaceOrientationPortrait UIInterfaceOrientationLandscapeLeft UIInterfaceOrientationLandscapeRight";
				LD_RUNPATH_SEARCH_PATHS = (
					"$(inherited)",
					"@executable_path/Frameworks",
				);
				MARKETING_VERSION = 1.0;
				PRODUCT_BUNDLE_IDENTIFIER = com.thefreiburgs.TypicodeAPI;
				PRODUCT_NAME = "$(TARGET_NAME)";
				SWIFT_EMIT_LOC_STRINGS = YES;
				SWIFT_VERSION = 5.0;
				TARGETED_DEVICE_FAMILY = "1,2";
			};
			name = Debug;
		};
		C9A3BB712D7364A70056AC1C /* Release */ = {
			isa = XCBuildConfiguration;
			buildSettings = {
				ASSETCATALOG_COMPILER_APPICON_NAME = AppIcon;
				ASSETCATALOG_COMPILER_GLOBAL_ACCENT_COLOR_NAME = AccentColor;
				CODE_SIGN_STYLE = Automatic;
				CURRENT_PROJECT_VERSION = 1;
				DEVELOPMENT_ASSET_PATHS = "\"TypicodeAPI/Preview Content\"";
				DEVELOPMENT_TEAM = 8C7T6972XL;
				ENABLE_PREVIEWS = YES;
				GENERATE_INFOPLIST_FILE = YES;
				INFOPLIST_KEY_UIApplicationSceneManifest_Generation = YES;
				INFOPLIST_KEY_UIApplicationSupportsIndirectInputEvents = YES;
				INFOPLIST_KEY_UILaunchScreen_Generation = YES;
				INFOPLIST_KEY_UISupportedInterfaceOrientations_iPad = "UIInterfaceOrientationPortrait UIInterfaceOrientationPortraitUpsideDown UIInterfaceOrientationLandscapeLeft UIInterfaceOrientationLandscapeRight";
				INFOPLIST_KEY_UISupportedInterfaceOrientations_iPhone = "UIInterfaceOrientationPortrait UIInterfaceOrientationLandscapeLeft UIInterfaceOrientationLandscapeRight";
				LD_RUNPATH_SEARCH_PATHS = (
					"$(inherited)",
					"@executable_path/Frameworks",
				);
				MARKETING_VERSION = 1.0;
				PRODUCT_BUNDLE_IDENTIFIER = com.thefreiburgs.TypicodeAPI;
				PRODUCT_NAME = "$(TARGET_NAME)";
				SWIFT_EMIT_LOC_STRINGS = YES;
				SWIFT_VERSION = 5.0;
				TARGETED_DEVICE_FAMILY = "1,2";
			};
			name = Release;
		};
		C9A3BB732D7364A70056AC1C /* Debug */ = {
			isa = XCBuildConfiguration;
			buildSettings = {
				BUNDLE_LOADER = "$(TEST_HOST)";
				CODE_SIGN_STYLE = Automatic;
				CURRENT_PROJECT_VERSION = 1;
				DEVELOPMENT_TEAM = 8C7T6972XL;
				GENERATE_INFOPLIST_FILE = YES;
				IPHONEOS_DEPLOYMENT_TARGET = 18.2;
				MARKETING_VERSION = 1.0;
				PRODUCT_BUNDLE_IDENTIFIER = com.thefreiburgs.TypicodeAPITests;
				PRODUCT_NAME = "$(TARGET_NAME)";
				SWIFT_EMIT_LOC_STRINGS = NO;
				SWIFT_VERSION = 5.0;
				TARGETED_DEVICE_FAMILY = "1,2";
				TEST_HOST = "$(BUILT_PRODUCTS_DIR)/TypicodeAPI.app/$(BUNDLE_EXECUTABLE_FOLDER_PATH)/TypicodeAPI";
			};
			name = Debug;
		};
		C9A3BB742D7364A70056AC1C /* Release */ = {
			isa = XCBuildConfiguration;
			buildSettings = {
				BUNDLE_LOADER = "$(TEST_HOST)";
				CODE_SIGN_STYLE = Automatic;
				CURRENT_PROJECT_VERSION = 1;
				DEVELOPMENT_TEAM = 8C7T6972XL;
				GENERATE_INFOPLIST_FILE = YES;
				IPHONEOS_DEPLOYMENT_TARGET = 18.2;
				MARKETING_VERSION = 1.0;
				PRODUCT_BUNDLE_IDENTIFIER = com.thefreiburgs.TypicodeAPITests;
				PRODUCT_NAME = "$(TARGET_NAME)";
				SWIFT_EMIT_LOC_STRINGS = NO;
				SWIFT_VERSION = 5.0;
				TARGETED_DEVICE_FAMILY = "1,2";
				TEST_HOST = "$(BUILT_PRODUCTS_DIR)/TypicodeAPI.app/$(BUNDLE_EXECUTABLE_FOLDER_PATH)/TypicodeAPI";
			};
			name = Release;
		};
		C9A3BB762D7364A70056AC1C /* Debug */ = {
			isa = XCBuildConfiguration;
			buildSettings = {
				CODE_SIGN_STYLE = Automatic;
				CURRENT_PROJECT_VERSION = 1;
				DEVELOPMENT_TEAM = 8C7T6972XL;
				GENERATE_INFOPLIST_FILE = YES;
				MARKETING_VERSION = 1.0;
				PRODUCT_BUNDLE_IDENTIFIER = com.thefreiburgs.TypicodeAPIUITests;
				PRODUCT_NAME = "$(TARGET_NAME)";
				SWIFT_EMIT_LOC_STRINGS = NO;
				SWIFT_VERSION = 5.0;
				TARGETED_DEVICE_FAMILY = "1,2";
				TEST_TARGET_NAME = TypicodeAPI;
			};
			name = Debug;
		};
		C9A3BB772D7364A70056AC1C /* Release */ = {
			isa = XCBuildConfiguration;
			buildSettings = {
				CODE_SIGN_STYLE = Automatic;
				CURRENT_PROJECT_VERSION = 1;
				DEVELOPMENT_TEAM = 8C7T6972XL;
				GENERATE_INFOPLIST_FILE = YES;
				MARKETING_VERSION = 1.0;
				PRODUCT_BUNDLE_IDENTIFIER = com.thefreiburgs.TypicodeAPIUITests;
				PRODUCT_NAME = "$(TARGET_NAME)";
				SWIFT_EMIT_LOC_STRINGS = NO;
				SWIFT_VERSION = 5.0;
				TARGETED_DEVICE_FAMILY = "1,2";
				TEST_TARGET_NAME = TypicodeAPI;
			};
			name = Release;
		};
/* End XCBuildConfiguration section */

/* Begin XCConfigurationList section */
		C9A3BB462D7364A60056AC1C /* Build configuration list for PBXProject "TypicodeAPI" */ = {
			isa = XCConfigurationList;
			buildConfigurations = (
				C9A3BB6D2D7364A70056AC1C /* Debug */,
				C9A3BB6E2D7364A70056AC1C /* Release */,
			);
			defaultConfigurationIsVisible = 0;
			defaultConfigurationName = Release;
		};
		C9A3BB6F2D7364A70056AC1C /* Build configuration list for PBXNativeTarget "TypicodeAPI" */ = {
			isa = XCConfigurationList;
			buildConfigurations = (
				C9A3BB702D7364A70056AC1C /* Debug */,
				C9A3BB712D7364A70056AC1C /* Release */,
			);
			defaultConfigurationIsVisible = 0;
			defaultConfigurationName = Release;
		};
		C9A3BB722D7364A70056AC1C /* Build configuration list for PBXNativeTarget "TypicodeAPITests" */ = {
			isa = XCConfigurationList;
			buildConfigurations = (
				C9A3BB732D7364A70056AC1C /* Debug */,
				C9A3BB742D7364A70056AC1C /* Release */,
			);
			defaultConfigurationIsVisible = 0;
			defaultConfigurationName = Release;
		};
		C9A3BB752D7364A70056AC1C /* Build configuration list for PBXNativeTarget "TypicodeAPIUITests" */ = {
			isa = XCConfigurationList;
			buildConfigurations = (
				C9A3BB762D7364A70056AC1C /* Debug */,
				C9A3BB772D7364A70056AC1C /* Release */,
			);
			defaultConfigurationIsVisible = 0;
			defaultConfigurationName = Release;
		};
/* End XCConfigurationList section */

/* Begin XCLocalSwiftPackageReference section */
		C9A3BB782D7364BA0056AC1C /* XCLocalSwiftPackageReference "../Models" */ = {
			isa = XCLocalSwiftPackageReference;
			relativePath = ../Models;
		};
/* End XCLocalSwiftPackageReference section */

/* Begin XCSwiftPackageProductDependency section */
		C925CC332D736FDF0042CF38 /* Models */ = {
			isa = XCSwiftPackageProductDependency;
			package = C9A3BB782D7364BA0056AC1C /* XCLocalSwiftPackageReference "../Models" */;
			productName = Models;
		};
/* End XCSwiftPackageProductDependency section */
	};
	rootObject = C9A3BB432D7364A60056AC1C /* Project object */;
}
